
Microsoft Visual Studio Solution File, Format Version 12.00
# Visual Studio Version 17
VisualStudioVersion = 17.3.32901.215
MinimumVisualStudioVersion = 10.0.40219.1
Project("{FAE04EC0-301F-11D3-BF4B-00C04F79EFBC}") = "BlackJack", "BlackJack\BlackJack.csproj", "{38B77840-5CC1-4B4C-BF9F-C98647E292BA}"
EndProject
Global
	GlobalSection(SolutionConfigurationPlatforms) = preSolution
		Debug|Any CPU = Debug|Any CPU
		Release|Any CPU = Release|Any CPU
	EndGlobalSection
	GlobalSection(ProjectConfigurationPlatforms) = postSolution
		{38B77840-5CC1-4B4C-BF9F-C98647E292BA}.Debug|Any CPU.ActiveCfg = Debug|Any CPU
		{38B77840-5CC1-4B4C-BF9F-C98647E292BA}.Debug|Any CPU.Build.0 = Debug|Any CPU
		{38B77840-5CC1-4B4C-BF9F-C98647E292BA}.Release|Any CPU.ActiveCfg = Release|Any CPU
		{38B77840-5CC1-4B4C-BF9F-C98647E292BA}.Release|Any CPU.Build.0 = Release|Any CPU
	EndGlobalSection
	GlobalSection(SolutionProperties) = preSolution
		HideSolutionNode = FALSE
	EndGlobalSection
	GlobalSection(ExtensibilityGlobals) = postSolution
		SolutionGuid = {348F742A-9612-46B4-BB0D-62B9554BA28D}
	EndGlobalSection
EndGlobal
